// !$*UTF8*$!
{
	archiveVersion = 1;
	classes = {
	};
	objectVersion = 50;
	objects = {

/* Begin PBXBuildFile section */
		8089C06324D71FD500DE1330 /* AppDelegate.swift in Sources */ = {isa = PBXBuildFile; fileRef = 8089C06224D71FD500DE1330 /* AppDelegate.swift */; };
		8089C06524D71FD500DE1330 /* SceneDelegate.swift in Sources */ = {isa = PBXBuildFile; fileRef = 8089C06424D71FD500DE1330 /* SceneDelegate.swift */; };
		8089C06724D71FD500DE1330 /* ViewController.swift in Sources */ = {isa = PBXBuildFile; fileRef = 8089C06624D71FD500DE1330 /* ViewController.swift */; };
		8089C06A24D71FD500DE1330 /* Main.storyboard in Resources */ = {isa = PBXBuildFile; fileRef = 8089C06824D71FD500DE1330 /* Main.storyboard */; };
		8089C06C24D71FD700DE1330 /* Assets.xcassets in Resources */ = {isa = PBXBuildFile; fileRef = 8089C06B24D71FD700DE1330 /* Assets.xcassets */; };
		8089C06F24D71FD800DE1330 /* LaunchScreen.storyboard in Resources */ = {isa = PBXBuildFile; fileRef = 8089C06D24D71FD800DE1330 /* LaunchScreen.storyboard */; };
/* End PBXBuildFile section */

/* Begin PBXFileReference section */
		8089C05F24D71FD500DE1330 /* Swift-BoilerPlate.app */ = {isa = PBXFileReference; explicitFileType = wrapper.application; includeInIndex = 0; path = "Swift-BoilerPlate.app"; sourceTree = BUILT_PRODUCTS_DIR; };
		8089C06224D71FD500DE1330 /* AppDelegate.swift */ = {isa = PBXFileReference; lastKnownFileType = sourcecode.swift; path = AppDelegate.swift; sourceTree = "<group>"; };
		8089C06424D71FD500DE1330 /* SceneDelegate.swift */ = {isa = PBXFileReference; lastKnownFileType = sourcecode.swift; path = SceneDelegate.swift; sourceTree = "<group>"; };
		8089C06624D71FD500DE1330 /* ViewController.swift */ = {isa = PBXFileReference; lastKnownFileType = sourcecode.swift; path = ViewController.swift; sourceTree = "<group>"; };
		8089C06924D71FD500DE1330 /* Base */ = {isa = PBXFileReference; lastKnownFileType = file.storyboard; name = Base; path = Base.lproj/Main.storyboard; sourceTree = "<group>"; };
		8089C06B24D71FD700DE1330 /* Assets.xcassets */ = {isa = PBXFileReference; lastKnownFileType = folder.assetcatalog; path = Assets.xcassets; sourceTree = "<group>"; };
		8089C06E24D71FD800DE1330 /* Base */ = {isa = PBXFileReference; lastKnownFileType = file.storyboard; name = Base; path = Base.lproj/LaunchScreen.storyboard; sourceTree = "<group>"; };
		8089C07024D71FD800DE1330 /* Info.plist */ = {isa = PBXFileReference; lastKnownFileType = text.plist.xml; path = Info.plist; sourceTree = "<group>"; };
/* End PBXFileReference section */

/* Begin PBXFrameworksBuildPhase section */
		8089C05C24D71FD500DE1330 /* Frameworks */ = {
			isa = PBXFrameworksBuildPhase;
			buildActionMask = 2147483647;
			files = (
			);
			runOnlyForDeploymentPostprocessing = 0;
		};
/* End PBXFrameworksBuildPhase section */

/* Begin PBXGroup section */
		8089C05624D71FD400DE1330 = {
			isa = PBXGroup;
			children = (
				8089C06124D71FD500DE1330 /* Swift-BoilerPlate */,
				8089C06024D71FD500DE1330 /* Products */,
			);
			sourceTree = "<group>";
		};
		8089C06024D71FD500DE1330 /* Products */ = {
			isa = PBXGroup;
			children = (
				8089C05F24D71FD500DE1330 /* Swift-BoilerPlate.app */,
			);
			name = Products;
			sourceTree = "<group>";
		};
		8089C06124D71FD500DE1330 /* Swift-BoilerPlate */ = {
			isa = PBXGroup;
			children = (
				8089C06224D71FD500DE1330 /* AppDelegate.swift */,
				8089C06424D71FD500DE1330 /* SceneDelegate.swift */,
				8089C06624D71FD500DE1330 /* ViewController.swift */,
				8089C06824D71FD500DE1330 /* Main.storyboard */,
				8089C06B24D71FD700DE1330 /* Assets.xcassets */,
				8089C06D24D71FD800DE1330 /* LaunchScreen.storyboard */,
				8089C07024D71FD800DE1330 /* Info.plist */,
			);
			path = "Swift-BoilerPlate";
			sourceTree = "<group>";
		};
/* End PBXGroup section */

/* Begin PBXNativeTarget section */
		8089C05E24D71FD500DE1330 /* Swift-BoilerPlate */ = {
			isa = PBXNativeTarget;
			buildConfigurationList = 8089C07324D71FD800DE1330 /* Build configuration list for PBXNativeTarget "Swift-BoilerPlate" */;
			buildPhases = (
				8089C05B24D71FD500DE1330 /* Sources */,
				8089C05C24D71FD500DE1330 /* Frameworks */,
				8089C05D24D71FD500DE1330 /* Resources */,
			);
			buildRules = (
			);
			dependencies = (
			);
			name = "Swift-BoilerPlate";
			productName = "Swift-BoilerPlate";
			productReference = 8089C05F24D71FD500DE1330 /* Swift-BoilerPlate.app */;
			productType = "com.apple.product-type.application";
		};
/* End PBXNativeTarget section */

/* Begin PBXProject section */
		8089C05724D71FD400DE1330 /* Project object */ = {
			isa = PBXProject;
			attributes = {
				LastSwiftUpdateCheck = 1160;
				LastUpgradeCheck = 1160;
				ORGANIZATIONNAME = "Efe Mazlumoğlu";
				TargetAttributes = {
					8089C05E24D71FD500DE1330 = {
						CreatedOnToolsVersion = 11.6;
					};
				};
			};
			buildConfigurationList = 8089C05A24D71FD400DE1330 /* Build configuration list for PBXProject "Swift-BoilerPlate" */;
			compatibilityVersion = "Xcode 9.3";
			developmentRegion = en;
			hasScannedForEncodings = 0;
			knownRegions = (
				en,
				Base,
			);
			mainGroup = 8089C05624D71FD400DE1330;
			productRefGroup = 8089C06024D71FD500DE1330 /* Products */;
			projectDirPath = "";
			projectRoot = "";
			targets = (
				8089C05E24D71FD500DE1330 /* Swift-BoilerPlate */,
			);
		};
/* End PBXProject section */

/* Begin PBXResourcesBuildPhase section */
		8089C05D24D71FD500DE1330 /* Resources */ = {
			isa = PBXResourcesBuildPhase;
			buildActionMask = 2147483647;
			files = (
				8089C06F24D71FD800DE1330 /* LaunchScreen.storyboard in Resources */,
				8089C06C24D71FD700DE1330 /* Assets.xcassets in Resources */,
				8089C06A24D71FD500DE1330 /* Main.storyboard in Resources */,
			);
			runOnlyForDeploymentPostprocessing = 0;
		};
/* End PBXResourcesBuildPhase section */

/* Begin PBXSourcesBuildPhase section */
		8089C05B24D71FD500DE1330 /* Sources */ = {
			isa = PBXSourcesBuildPhase;
			buildActionMask = 2147483647;
			files = (
				8089C06724D71FD500DE1330 /* ViewController.swift in Sources */,
				8089C06324D71FD500DE1330 /* AppDelegate.swift in Sources */,
				8089C06524D71FD500DE1330 /* SceneDelegate.swift in Sources */,
			);
			runOnlyForDeploymentPostprocessing = 0;
		};
/* End PBXSourcesBuildPhase section */

/* Begin PBXVariantGroup section */
		8089C06824D71FD500DE1330 /* Main.storyboard */ = {
			isa = PBXVariantGroup;
			children = (
				8089C06924D71FD500DE1330 /* Base */,
			);
			name = Main.storyboard;
			sourceTree = "<group>";
		};
		8089C06D24D71FD800DE1330 /* LaunchScreen.storyboard */ = {
			isa = PBXVariantGroup;
			children = (
				8089C06E24D71FD800DE1330 /* Base */,
			);
			name = LaunchScreen.storyboard;
			sourceTree = "<group>";
		};
/* End PBXVariantGroup section */

/* Begin XCBuildConfiguration section */
		8089C07124D71FD800DE1330 /* Debug */ = {
			isa = XCBuildConfiguration;
			buildSettings = {
				ALWAYS_SEARCH_USER_PATHS = NO;
				CLANG_ANALYZER_NONNULL = YES;
				CLANG_ANALYZER_NUMBER_OBJECT_CONVERSION = YES_AGGRESSIVE;
				CLANG_CXX_LANGUAGE_STANDARD = "gnu++14";
				CLANG_CXX_LIBRARY = "libc++";
				CLANG_ENABLE_MODULES = YES;
				CLANG_ENABLE_OBJC_ARC = YES;
				CLANG_ENABLE_OBJC_WEAK = YES;
				CLANG_WARN_BLOCK_CAPTURE_AUTORELEASING = YES;
				CLANG_WARN_BOOL_CONVERSION = YES;
				CLANG_WARN_COMMA = YES;
				CLANG_WARN_CONSTANT_CONVERSION = YES;
				CLANG_WARN_DEPRECATED_OBJC_IMPLEMENTATIONS = YES;
				CLANG_WARN_DIRECT_OBJC_ISA_USAGE = YES_ERROR;
				CLANG_WARN_DOCUMENTATION_COMMENTS = YES;
				CLANG_WARN_EMPTY_BODY = YES;
				CLANG_WARN_ENUM_CONVERSION = YES;
				CLANG_WARN_INFINITE_RECURSION = YES;
				CLANG_WARN_INT_CONVERSION = YES;
				CLANG_WARN_NON_LITERAL_NULL_CONVERSION = YES;
				CLANG_WARN_OBJC_IMPLICIT_RETAIN_SELF = YES;
				CLANG_WARN_OBJC_LITERAL_CONVERSION = YES;
				CLANG_WARN_OBJC_ROOT_CLASS = YES_ERROR;
				CLANG_WARN_RANGE_LOOP_ANALYSIS = YES;
				CLANG_WARN_STRICT_PROTOTYPES = YES;
				CLANG_WARN_SUSPICIOUS_MOVE = YES;
				CLANG_WARN_UNGUARDED_AVAILABILITY = YES_AGGRESSIVE;
				CLANG_WARN_UNREACHABLE_CODE = YES;
				CLANG_WARN__DUPLICATE_METHOD_MATCH = YES;
				COPY_PHASE_STRIP = NO;
				DEBUG_INFORMATION_FORMAT = dwarf;
				ENABLE_STRICT_OBJC_MSGSEND = YES;
				ENABLE_TESTABILITY = YES;
				GCC_C_LANGUAGE_STANDARD = gnu11;
				GCC_DYNAMIC_NO_PIC = NO;
				GCC_NO_COMMON_BLOCKS = YES;
				GCC_OPTIMIZATION_LEVEL = 0;
				GCC_PREPROCESSOR_DEFINITIONS = (
					"DEBUG=1",
					"$(inherited)",
				);
				GCC_WARN_64_TO_32_BIT_CONVERSION = YES;
				GCC_WARN_ABOUT_RETURN_TYPE = YES_ERROR;
				GCC_WARN_UNDECLARED_SELECTOR = YES;
				GCC_WARN_UNINITIALIZED_AUTOS = YES_AGGRESSIVE;
				GCC_WARN_UNUSED_FUNCTION = YES;
				GCC_WARN_UNUSED_VARIABLE = YES;
				IPHONEOS_DEPLOYMENT_TARGET = 13.6;
				MTL_ENABLE_DEBUG_INFO = INCLUDE_SOURCE;
				MTL_FAST_MATH = YES;
				ONLY_ACTIVE_ARCH = YES;
				SDKROOT = iphoneos;
				SWIFT_ACTIVE_COMPILATION_CONDITIONS = DEBUG;
				SWIFT_OPTIMIZATION_LEVEL = "-Onone";
			};
			name = Debug;
		};
		8089C07224D71FD800DE1330 /* Release */ = {
			isa = XCBuildConfiguration;
			buildSettings = {
				ALWAYS_SEARCH_USER_PATHS = NO;
				CLANG_ANALYZER_NONNULL = YES;
				CLANG_ANALYZER_NUMBER_OBJECT_CONVERSION = YES_AGGRESSIVE;
				CLANG_CXX_LANGUAGE_STANDARD = "gnu++14";
				CLANG_CXX_LIBRARY = "libc++";
				CLANG_ENABLE_MODULES = YES;
				CLANG_ENABLE_OBJC_ARC = YES;
				CLANG_ENABLE_OBJC_WEAK = YES;
				CLANG_WARN_BLOCK_CAPTURE_AUTORELEASING = YES;
				CLANG_WARN_BOOL_CONVERSION = YES;
				CLANG_WARN_COMMA = YES;
				CLANG_WARN_CONSTANT_CONVERSION = YES;
				CLANG_WARN_DEPRECATED_OBJC_IMPLEMENTATIONS = YES;
				CLANG_WARN_DIRECT_OBJC_ISA_USAGE = YES_ERROR;
				CLANG_WARN_DOCUMENTATION_COMMENTS = YES;
				CLANG_WARN_EMPTY_BODY = YES;
				CLANG_WARN_ENUM_CONVERSION = YES;
				CLANG_WARN_INFINITE_RECURSION = YES;
				CLANG_WARN_INT_CONVERSION = YES;
				CLANG_WARN_NON_LITERAL_NULL_CONVERSION = YES;
				CLANG_WARN_OBJC_IMPLICIT_RETAIN_SELF = YES;
				CLANG_WARN_OBJC_LITERAL_CONVERSION = YES;
				CLANG_WARN_OBJC_ROOT_CLASS = YES_ERROR;
				CLANG_WARN_RANGE_LOOP_ANALYSIS = YES;
				CLANG_WARN_STRICT_PROTOTYPES = YES;
				CLANG_WARN_SUSPICIOUS_MOVE = YES;
				CLANG_WARN_UNGUARDED_AVAILABILITY = YES_AGGRESSIVE;
				CLANG_WARN_UNREACHABLE_CODE = YES;
				CLANG_WARN__DUPLICATE_METHOD_MATCH = YES;
				COPY_PHASE_STRIP = NO;
				DEBUG_INFORMATION_FORMAT = "dwarf-with-dsym";
				ENABLE_NS_ASSERTIONS = NO;
				ENABLE_STRICT_OBJC_MSGSEND = YES;
				GCC_C_LANGUAGE_STANDARD = gnu11;
				GCC_NO_COMMON_BLOCKS = YES;
				GCC_WARN_64_TO_32_BIT_CONVERSION = YES;
				GCC_WARN_ABOUT_RETURN_TYPE = YES_ERROR;
				GCC_WARN_UNDECLARED_SELECTOR = YES;
				GCC_WARN_UNINITIALIZED_AUTOS = YES_AGGRESSIVE;
				GCC_WARN_UNUSED_FUNCTION = YES;
				GCC_WARN_UNUSED_VARIABLE = YES;
				IPHONEOS_DEPLOYMENT_TARGET = 13.6;
				MTL_ENABLE_DEBUG_INFO = NO;
				MTL_FAST_MATH = YES;
				SDKROOT = iphoneos;
				SWIFT_COMPILATION_MODE = wholemodule;
				SWIFT_OPTIMIZATION_LEVEL = "-O";
				VALIDATE_PRODUCT = YES;
			};
			name = Release;
		};
		8089C07424D71FD800DE1330 /* Debug */ = {
			isa = XCBuildConfiguration;
			buildSettings = {
				ASSETCATALOG_COMPILER_APPICON_NAME = AppIcon;
				CODE_SIGN_STYLE = Automatic;
				DEVELOPMENT_TEAM = XXYB66DA42;
				INFOPLIST_FILE = "Swift-BoilerPlate/Info.plist";
				LD_RUNPATH_SEARCH_PATHS = (
					"$(inherited)",
					"@executable_path/Frameworks",
				);
				PRODUCT_BUNDLE_IDENTIFIER = "com.efemaz.Swift-BoilerPlate";
				PRODUCT_NAME = "$(TARGET_NAME)";
				SWIFT_VERSION = 5.0;
				TARGETED_DEVICE_FAMILY = "1,2";
			};
			name = Debug;
		};
		8089C07524D71FD800DE1330 /* Release */ = {
			isa = XCBuildConfiguration;
			buildSettings = {
				ASSETCATALOG_COMPILER_APPICON_NAME = AppIcon;
				CODE_SIGN_STYLE = Automatic;
				DEVELOPMENT_TEAM = XXYB66DA42;
				INFOPLIST_FILE = "Swift-BoilerPlate/Info.plist";
				LD_RUNPATH_SEARCH_PATHS = (
					"$(inherited)",
					"@executable_path/Frameworks",
				);
				PRODUCT_BUNDLE_IDENTIFIER = "com.efemaz.Swift-BoilerPlate";
				PRODUCT_NAME = "$(TARGET_NAME)";
				SWIFT_VERSION = 5.0;
				TARGETED_DEVICE_FAMILY = "1,2";
			};
			name = Release;
		};
/* End XCBuildConfiguration section */

/* Begin XCConfigurationList section */
		8089C05A24D71FD400DE1330 /* Build configuration list for PBXProject "Swift-BoilerPlate" */ = {
			isa = XCConfigurationList;
			buildConfigurations = (
				8089C07124D71FD800DE1330 /* Debug */,
				8089C07224D71FD800DE1330 /* Release */,
			);
			defaultConfigurationIsVisible = 0;
			defaultConfigurationName = Release;
		};
		8089C07324D71FD800DE1330 /* Build configuration list for PBXNativeTarget "Swift-BoilerPlate" */ = {
			isa = XCConfigurationList;
			buildConfigurations = (
				8089C07424D71FD800DE1330 /* Debug */,
				8089C07524D71FD800DE1330 /* Release */,
			);
			defaultConfigurationIsVisible = 0;
			defaultConfigurationName = Release;
		};
/* End XCConfigurationList section */
	};
	rootObject = 8089C05724D71FD400DE1330 /* Project object */;
}
